
Microsoft Visual Studio Solution File, Format Version 12.00
# Visual Studio 15
VisualStudioVersion = 15.0.26124.0
MinimumVisualStudioVersion = 15.0.26124.0
Project("{FAE04EC0-301F-11D3-BF4B-00C04F79EFBC}") = "AdventOfCode2015", "AdventOfCode2015\AdventOfCode2015.csproj", "{D1435778-F3E3-49F9-BD32-2F62B4A96E21}"
EndProject
Project("{FAE04EC0-301F-11D3-BF4B-00C04F79EFBC}") = "GlobalUtils", "GlobalUtils\GlobalUtils.csproj", "{6869F4AA-D37F-42DF-866E-BA9FF2F9A8AA}"
EndProject
Project("{2150E333-8FDC-42A3-9474-1A3956D46DE8}") = "Test", "Test", "{396A7F20-F791-40E2-93CA-1BDDE3C8CD72}"
EndProject
Project("{FAE04EC0-301F-11D3-BF4B-00C04F79EFBC}") = "AdventOfCode2015Test", "Test\AdventOfCode2015Test\AdventOfCode2015Test.csproj", "{AE9729A7-DC6C-4F05-99C0-4209CB3DB39D}"
EndProject
Project("{FAE04EC0-301F-11D3-BF4B-00C04F79EFBC}") = "AdventOfCode2021", "AdventOfCode2021\AdventOfCode2021.csproj", "{724CD903-3132-4F02-BA10-BA1E8241CE1D}"
EndProject
Project("{FAE04EC0-301F-11D3-BF4B-00C04F79EFBC}") = "AdventOfCode2021Test", "Test\AdventOfCode2021Test\AdventOfCode2021Test.csproj", "{9523264D-55F8-41E1-BA48-D464AD84446B}"
EndProject
Global
	GlobalSection(SolutionConfigurationPlatforms) = preSolution
		Debug|Any CPU = Debug|Any CPU
		Debug|x64 = Debug|x64
		Debug|x86 = Debug|x86
		Release|Any CPU = Release|Any CPU
		Release|x64 = Release|x64
		Release|x86 = Release|x86
	EndGlobalSection
	GlobalSection(SolutionProperties) = preSolution
		HideSolutionNode = FALSE
	EndGlobalSection
	GlobalSection(ProjectConfigurationPlatforms) = postSolution
		{D1435778-F3E3-49F9-BD32-2F62B4A96E21}.Debug|Any CPU.ActiveCfg = Debug|Any CPU
		{D1435778-F3E3-49F9-BD32-2F62B4A96E21}.Debug|Any CPU.Build.0 = Debug|Any CPU
		{D1435778-F3E3-49F9-BD32-2F62B4A96E21}.Debug|x64.ActiveCfg = Debug|Any CPU
		{D1435778-F3E3-49F9-BD32-2F62B4A96E21}.Debug|x64.Build.0 = Debug|Any CPU
		{D1435778-F3E3-49F9-BD32-2F62B4A96E21}.Debug|x86.ActiveCfg = Debug|Any CPU
		{D1435778-F3E3-49F9-BD32-2F62B4A96E21}.Debug|x86.Build.0 = Debug|Any CPU
		{D1435778-F3E3-49F9-BD32-2F62B4A96E21}.Release|Any CPU.ActiveCfg = Release|Any CPU
		{D1435778-F3E3-49F9-BD32-2F62B4A96E21}.Release|Any CPU.Build.0 = Release|Any CPU
		{D1435778-F3E3-49F9-BD32-2F62B4A96E21}.Release|x64.ActiveCfg = Release|Any CPU
		{D1435778-F3E3-49F9-BD32-2F62B4A96E21}.Release|x64.Build.0 = Release|Any CPU
		{D1435778-F3E3-49F9-BD32-2F62B4A96E21}.Release|x86.ActiveCfg = Release|Any CPU
		{D1435778-F3E3-49F9-BD32-2F62B4A96E21}.Release|x86.Build.0 = Release|Any CPU
		{6869F4AA-D37F-42DF-866E-BA9FF2F9A8AA}.Debug|Any CPU.ActiveCfg = Debug|Any CPU
		{6869F4AA-D37F-42DF-866E-BA9FF2F9A8AA}.Debug|Any CPU.Build.0 = Debug|Any CPU
		{6869F4AA-D37F-42DF-866E-BA9FF2F9A8AA}.Debug|x64.ActiveCfg = Debug|Any CPU
		{6869F4AA-D37F-42DF-866E-BA9FF2F9A8AA}.Debug|x64.Build.0 = Debug|Any CPU
		{6869F4AA-D37F-42DF-866E-BA9FF2F9A8AA}.Debug|x86.ActiveCfg = Debug|Any CPU
		{6869F4AA-D37F-42DF-866E-BA9FF2F9A8AA}.Debug|x86.Build.0 = Debug|Any CPU
		{6869F4AA-D37F-42DF-866E-BA9FF2F9A8AA}.Release|Any CPU.ActiveCfg = Release|Any CPU
		{6869F4AA-D37F-42DF-866E-BA9FF2F9A8AA}.Release|Any CPU.Build.0 = Release|Any CPU
		{6869F4AA-D37F-42DF-866E-BA9FF2F9A8AA}.Release|x64.ActiveCfg = Release|Any CPU
		{6869F4AA-D37F-42DF-866E-BA9FF2F9A8AA}.Release|x64.Build.0 = Release|Any CPU
		{6869F4AA-D37F-42DF-866E-BA9FF2F9A8AA}.Release|x86.ActiveCfg = Release|Any CPU
		{6869F4AA-D37F-42DF-866E-BA9FF2F9A8AA}.Release|x86.Build.0 = Release|Any CPU
		{AE9729A7-DC6C-4F05-99C0-4209CB3DB39D}.Debug|Any CPU.ActiveCfg = Debug|Any CPU
		{AE9729A7-DC6C-4F05-99C0-4209CB3DB39D}.Debug|Any CPU.Build.0 = Debug|Any CPU
		{AE9729A7-DC6C-4F05-99C0-4209CB3DB39D}.Debug|x64.ActiveCfg = Debug|Any CPU
		{AE9729A7-DC6C-4F05-99C0-4209CB3DB39D}.Debug|x64.Build.0 = Debug|Any CPU
		{AE9729A7-DC6C-4F05-99C0-4209CB3DB39D}.Debug|x86.ActiveCfg = Debug|Any CPU
		{AE9729A7-DC6C-4F05-99C0-4209CB3DB39D}.Debug|x86.Build.0 = Debug|Any CPU
		{AE9729A7-DC6C-4F05-99C0-4209CB3DB39D}.Release|Any CPU.ActiveCfg = Release|Any CPU
		{AE9729A7-DC6C-4F05-99C0-4209CB3DB39D}.Release|Any CPU.Build.0 = Release|Any CPU
		{AE9729A7-DC6C-4F05-99C0-4209CB3DB39D}.Release|x64.ActiveCfg = Release|Any CPU
		{AE9729A7-DC6C-4F05-99C0-4209CB3DB39D}.Release|x64.Build.0 = Release|Any CPU
		{AE9729A7-DC6C-4F05-99C0-4209CB3DB39D}.Release|x86.ActiveCfg = Release|Any CPU
		{AE9729A7-DC6C-4F05-99C0-4209CB3DB39D}.Release|x86.Build.0 = Release|Any CPU
		{724CD903-3132-4F02-BA10-BA1E8241CE1D}.Debug|Any CPU.ActiveCfg = Debug|Any CPU
		{724CD903-3132-4F02-BA10-BA1E8241CE1D}.Debug|Any CPU.Build.0 = Debug|Any CPU
		{724CD903-3132-4F02-BA10-BA1E8241CE1D}.Debug|x64.ActiveCfg = Debug|Any CPU
		{724CD903-3132-4F02-BA10-BA1E8241CE1D}.Debug|x64.Build.0 = Debug|Any CPU
		{724CD903-3132-4F02-BA10-BA1E8241CE1D}.Debug|x86.ActiveCfg = Debug|Any CPU
		{724CD903-3132-4F02-BA10-BA1E8241CE1D}.Debug|x86.Build.0 = Debug|Any CPU
		{724CD903-3132-4F02-BA10-BA1E8241CE1D}.Release|Any CPU.ActiveCfg = Release|Any CPU
		{724CD903-3132-4F02-BA10-BA1E8241CE1D}.Release|Any CPU.Build.0 = Release|Any CPU
		{724CD903-3132-4F02-BA10-BA1E8241CE1D}.Release|x64.ActiveCfg = Release|Any CPU
		{724CD903-3132-4F02-BA10-BA1E8241CE1D}.Release|x64.Build.0 = Release|Any CPU
		{724CD903-3132-4F02-BA10-BA1E8241CE1D}.Release|x86.ActiveCfg = Release|Any CPU
		{724CD903-3132-4F02-BA10-BA1E8241CE1D}.Release|x86.Build.0 = Release|Any CPU
		{9523264D-55F8-41E1-BA48-D464AD84446B}.Debug|Any CPU.ActiveCfg = Debug|Any CPU
		{9523264D-55F8-41E1-BA48-D464AD84446B}.Debug|Any CPU.Build.0 = Debug|Any CPU
		{9523264D-55F8-41E1-BA48-D464AD84446B}.Debug|x64.ActiveCfg = Debug|Any CPU
		{9523264D-55F8-41E1-BA48-D464AD84446B}.Debug|x64.Build.0 = Debug|Any CPU
		{9523264D-55F8-41E1-BA48-D464AD84446B}.Debug|x86.ActiveCfg = Debug|Any CPU
		{9523264D-55F8-41E1-BA48-D464AD84446B}.Debug|x86.Build.0 = Debug|Any CPU
		{9523264D-55F8-41E1-BA48-D464AD84446B}.Release|Any CPU.ActiveCfg = Release|Any CPU
		{9523264D-55F8-41E1-BA48-D464AD84446B}.Release|Any CPU.Build.0 = Release|Any CPU
		{9523264D-55F8-41E1-BA48-D464AD84446B}.Release|x64.ActiveCfg = Release|Any CPU
		{9523264D-55F8-41E1-BA48-D464AD84446B}.Release|x64.Build.0 = Release|Any CPU
		{9523264D-55F8-41E1-BA48-D464AD84446B}.Release|x86.ActiveCfg = Release|Any CPU
		{9523264D-55F8-41E1-BA48-D464AD84446B}.Release|x86.Build.0 = Release|Any CPU
	EndGlobalSection
	GlobalSection(NestedProjects) = preSolution
		{AE9729A7-DC6C-4F05-99C0-4209CB3DB39D} = {396A7F20-F791-40E2-93CA-1BDDE3C8CD72}
		{9523264D-55F8-41E1-BA48-D464AD84446B} = {396A7F20-F791-40E2-93CA-1BDDE3C8CD72}
	EndGlobalSection
EndGlobal
